
Microsoft Visual Studio Solution File, Format Version 12.00
# Visual Studio 15
VisualStudioVersion = 15.0.28307.1433
MinimumVisualStudioVersion = 10.0.40219.1
Project("{8BC9CEB8-8B4A-11D0-8D11-00A0C91BC942}") = "BLG252E_Project1", "BLG252E_Project1\BLG252E_Project1.vcxproj", "{0EC7F413-336D-4EA7-A2BD-2B91BB77149F}"
EndProject
Global
	GlobalSection(SolutionConfigurationPlatforms) = preSolution
		Debug|x64 = Debug|x64
		Debug|x86 = Debug|x86
		Release|x64 = Release|x64
		Release|x86 = Release|x86
	EndGlobalSection
	GlobalSection(ProjectConfigurationPlatforms) = postSolution
		{0EC7F413-336D-4EA7-A2BD-2B91BB77149F}.Debug|x64.ActiveCfg = Debug|x64
		{0EC7F413-336D-4EA7-A2BD-2B91BB77149F}.Debug|x64.Build.0 = Debug|x64
		{0EC7F413-336D-4EA7-A2BD-2B91BB77149F}.Debug|x86.ActiveCfg = Debug|Win32
		{0EC7F413-336D-4EA7-A2BD-2B91BB77149F}.Debug|x86.Build.0 = Debug|Win32
		{0EC7F413-336D-4EA7-A2BD-2B91BB77149F}.Release|x64.ActiveCfg = Release|x64
		{0EC7F413-336D-4EA7-A2BD-2B91BB77149F}.Release|x64.Build.0 = Release|x64
		{0EC7F413-336D-4EA7-A2BD-2B91BB77149F}.Release|x86.ActiveCfg = Release|Win32
		{0EC7F413-336D-4EA7-A2BD-2B91BB77149F}.Release|x86.Build.0 = Release|Win32
	EndGlobalSection
	GlobalSection(SolutionProperties) = preSolution
		HideSolutionNode = FALSE
	EndGlobalSection
	GlobalSection(ExtensibilityGlobals) = postSolution
		SolutionGuid = {5335F032-B384-4ECF-9608-1C26C49B5779}
	EndGlobalSection
EndGlobal
